
Microsoft Visual Studio Solution File, Format Version 12.00
# Visual Studio Version 17
VisualStudioVersion = 17.11.35312.102
MinimumVisualStudioVersion = 10.0.40219.1
Project("{FAE04EC0-301F-11D3-BF4B-00C04F79EFBC}") = "college_practicals", "college_practicals.csproj", "{0DED4973-9BF5-4824-A02D-9725A727BB02}"
EndProject
Global
	GlobalSection(SolutionConfigurationPlatforms) = preSolution
		Debug|Any CPU = Debug|Any CPU
		Release|Any CPU = Release|Any CPU
	EndGlobalSection
	GlobalSection(ProjectConfigurationPlatforms) = postSolution
		{0DED4973-9BF5-4824-A02D-9725A727BB02}.Debug|Any CPU.ActiveCfg = Debug|Any CPU
		{0DED4973-9BF5-4824-A02D-9725A727BB02}.Debug|Any CPU.Build.0 = Debug|Any CPU
		{0DED4973-9BF5-4824-A02D-9725A727BB02}.Release|Any CPU.ActiveCfg = Release|Any CPU
		{0DED4973-9BF5-4824-A02D-9725A727BB02}.Release|Any CPU.Build.0 = Release|Any CPU
	EndGlobalSection
	GlobalSection(SolutionProperties) = preSolution
		HideSolutionNode = FALSE
	EndGlobalSection
	GlobalSection(ExtensibilityGlobals) = postSolution
		SolutionGuid = {20FF6741-B8AD-4306-BDEA-17E3389930E3}
	EndGlobalSection
EndGlobal
